{
  "requires": true,
  "lockfileVersion": 1,
  "dependencies": {
    "@sailshq/lodash": {
      "version": "3.10.3",
      "resolved": "https://registry.npmjs.org/@sailshq/lodash/-/lodash-3.10.3.tgz",
      "integrity": "sha512-XTF5BtsTSiSpTnfqrCGS5Q8FvSHWCywA0oRxFAZo8E1a8k1MMFUvk3VlRk3q/SusEYwy7gvVdyt9vvNlTa2VuA=="
    },
    "include-all": {
      "version": "4.0.3",
      "resolved": "https://registry.npmjs.org/include-all/-/include-all-4.0.3.tgz",
      "integrity": "sha1-ZfBujxGJSxp7XsH8l+azOS98+nU=",
      "requires": {
        "@sailshq/lodash": "^3.10.2",
        "merge-dictionaries": "^0.0.3"
      }
    },
    "lodash": {
      "version": "4.17.15",
      "resolved": "https://registry.npmjs.org/lodash/-/lodash-4.17.15.tgz",
      "integrity": "sha512-8xOcRHvCjnocdS5cpwXQXVzmmh5e5+saE2QGoeQmbKmRS6J3VQppPOIt0MnmE+4xlZoumy0GPG0D0MVIQbNA1A=="
    },
    "merge-dictionaries": {
      "version": "0.0.3",
      "resolved": "https://registry.npmjs.org/merge-dictionaries/-/merge-dictionaries-0.0.3.tgz",
      "integrity": "sha1-xN5NWNuyXkwoI6owy44VOQaet1c=",
      "requires": {
        "@sailshq/lodash": "^3.10.2"
      }
    }
  }
}
